
Microsoft Visual Studio Solution File, Format Version 12.00
# Visual Studio Version 17
VisualStudioVersion = 17.4.33110.190
MinimumVisualStudioVersion = 10.0.40219.1
Project("{FAE04EC0-301F-11D3-BF4B-00C04F79EFBC}") = "TRMDataManager", "TRMDataManager\TRMDataManager.csproj", "{63CE98EF-9366-4158-ABC5-88B050624D8F}"
EndProject
Global
	GlobalSection(SolutionConfigurationPlatforms) = preSolution
		Debug|Any CPU = Debug|Any CPU
		Release|Any CPU = Release|Any CPU
	EndGlobalSection
	GlobalSection(ProjectConfigurationPlatforms) = postSolution
		{63CE98EF-9366-4158-ABC5-88B050624D8F}.Debug|Any CPU.ActiveCfg = Debug|Any CPU
		{63CE98EF-9366-4158-ABC5-88B050624D8F}.Debug|Any CPU.Build.0 = Debug|Any CPU
		{63CE98EF-9366-4158-ABC5-88B050624D8F}.Release|Any CPU.ActiveCfg = Release|Any CPU
		{63CE98EF-9366-4158-ABC5-88B050624D8F}.Release|Any CPU.Build.0 = Release|Any CPU
	EndGlobalSection
	GlobalSection(SolutionProperties) = preSolution
		HideSolutionNode = FALSE
	EndGlobalSection
	GlobalSection(ExtensibilityGlobals) = postSolution
		SolutionGuid = {04A88EF6-7B18-42F1-B05B-68287D2FE3BF}
	EndGlobalSection
EndGlobal
